// !$*UTF8*$!
{
	archiveVersion = 1;
	classes = {
	};
	objectVersion = 48;
	objects = {

/* Begin PBXBuildFile section */
		A394A7DB20A4BC90006E1F82 /* AppDelegate.swift in Sources */ = {isa = PBXBuildFile; fileRef = A394A7DA20A4BC90006E1F82 /* AppDelegate.swift */; };
		A394A7DD20A4BC90006E1F82 /* ViewController.swift in Sources */ = {isa = PBXBuildFile; fileRef = A394A7DC20A4BC90006E1F82 /* ViewController.swift */; };
		A394A7E020A4BC90006E1F82 /* Main.storyboard in Resources */ = {isa = PBXBuildFile; fileRef = A394A7DE20A4BC90006E1F82 /* Main.storyboard */; };
		A394A7E220A4BC93006E1F82 /* Assets.xcassets in Resources */ = {isa = PBXBuildFile; fileRef = A394A7E120A4BC93006E1F82 /* Assets.xcassets */; };
		A394A7E520A4BC93006E1F82 /* LaunchScreen.storyboard in Resources */ = {isa = PBXBuildFile; fileRef = A394A7E320A4BC93006E1F82 /* LaunchScreen.storyboard */; };
		E9A19E3B20BDF7B800037687 /* asilogo.png in Resources */ = {isa = PBXBuildFile; fileRef = E9A19E3A20BDF7B800037687 /* asilogo.png */; };
		E9A19E4320BDF99E00037687 /* Fitness Classes.png in Resources */ = {isa = PBXBuildFile; fileRef = E9A19E4220BDF99E00037687 /* Fitness Classes.png */; };
		E9A19E4920BDFCE700037687 /* Copy of Check Current Status-2.png in Resources */ = {isa = PBXBuildFile; fileRef = E9A19E4820BDFCE600037687 /* Copy of Check Current Status-2.png */; };
		E9A19E4B20BE16C600037687 /* Copy of Fitness Classes.png in Resources */ = {isa = PBXBuildFile; fileRef = E9A19E4A20BE16C500037687 /* Copy of Fitness Classes.png */; };
		E9A19E4D20BE185F00037687 /* Equipment rentals.png in Resources */ = {isa = PBXBuildFile; fileRef = E9A19E4C20BE185E00037687 /* Equipment rentals.png */; };
		E9A19E4F20BE19E200037687 /* Copy of Fitness Classes-2.png in Resources */ = {isa = PBXBuildFile; fileRef = E9A19E4E20BE19E200037687 /* Copy of Fitness Classes-2.png */; };
		E9A19E5120BE208900037687 /* Aquatics Info.png in Resources */ = {isa = PBXBuildFile; fileRef = E9A19E5020BE208900037687 /* Aquatics Info.png */; };
		E9A19E5320BE210800037687 /* Copy of View Equipment Map.png in Resources */ = {isa = PBXBuildFile; fileRef = E9A19E5220BE210700037687 /* Copy of View Equipment Map.png */; };
		E9A19E5520BE217200037687 /* Copy of Check Current Status-3.png in Resources */ = {isa = PBXBuildFile; fileRef = E9A19E5420BE217100037687 /* Copy of Check Current Status-3.png */; };
		E9A19E5D20BE252C00037687 /* MKMapRectRotated.swift in Sources */ = {isa = PBXBuildFile; fileRef = E9A19E5620BE252B00037687 /* MKMapRectRotated.swift */; };
		E9A19E5E20BE252C00037687 /* FloorplanOverlay.swift in Sources */ = {isa = PBXBuildFile; fileRef = E9A19E5720BE252B00037687 /* FloorplanOverlay.swift */; };
		E9A19E5F20BE252C00037687 /* CoordinateConverter.swift in Sources */ = {isa = PBXBuildFile; fileRef = E9A19E5820BE252B00037687 /* CoordinateConverter.swift */; };
		E9A19E6020BE252C00037687 /* VisibleMapRegionDelegate.swift in Sources */ = {isa = PBXBuildFile; fileRef = E9A19E5920BE252B00037687 /* VisibleMapRegionDelegate.swift */; };
		E9A19E6120BE252C00037687 /* Utilities.swift in Sources */ = {isa = PBXBuildFile; fileRef = E9A19E5A20BE252B00037687 /* Utilities.swift */; };
		E9A19E6220BE252C00037687 /* HideBackgroundOverlay.swift in Sources */ = {isa = PBXBuildFile; fileRef = E9A19E5B20BE252B00037687 /* HideBackgroundOverlay.swift */; };
		E9A19E6320BE252C00037687 /* FloorplanOverlayRenderer.swift in Sources */ = {isa = PBXBuildFile; fileRef = E9A19E5C20BE252C00037687 /* FloorplanOverlayRenderer.swift */; };
		E9A19E6720BE2C5900037687 /* Floorplans in Resources */ = {isa = PBXBuildFile; fileRef = E9A19E6620BE2C5900037687 /* Floorplans */; };
		E9E48F3320AD2B5F00717F28 /* EquipmentTableViewController.swift in Sources */ = {isa = PBXBuildFile; fileRef = E9E48F3220AD2B5F00717F28 /* EquipmentTableViewController.swift */; };
		E9E48F3520AD2C1900717F28 /* EquipmentTableViewCell.swift in Sources */ = {isa = PBXBuildFile; fileRef = E9E48F3420AD2C1900717F28 /* EquipmentTableViewCell.swift */; };
/* End PBXBuildFile section */

/* Begin PBXFileReference section */
		A394A7D720A4BC90006E1F82 /* Cal Poly Rec Center.app */ = {isa = PBXFileReference; explicitFileType = wrapper.application; includeInIndex = 0; path = "Cal Poly Rec Center.app"; sourceTree = BUILT_PRODUCTS_DIR; };
		A394A7DA20A4BC90006E1F82 /* AppDelegate.swift */ = {isa = PBXFileReference; lastKnownFileType = sourcecode.swift; path = AppDelegate.swift; sourceTree = "<group>"; };
		A394A7DC20A4BC90006E1F82 /* ViewController.swift */ = {isa = PBXFileReference; lastKnownFileType = sourcecode.swift; path = ViewController.swift; sourceTree = "<group>"; };
		A394A7DF20A4BC90006E1F82 /* Base */ = {isa = PBXFileReference; lastKnownFileType = file.storyboard; name = Base; path = Base.lproj/Main.storyboard; sourceTree = "<group>"; };
		A394A7E120A4BC93006E1F82 /* Assets.xcassets */ = {isa = PBXFileReference; lastKnownFileType = folder.assetcatalog; path = Assets.xcassets; sourceTree = "<group>"; };
		A394A7E420A4BC93006E1F82 /* Base */ = {isa = PBXFileReference; lastKnownFileType = file.storyboard; name = Base; path = Base.lproj/LaunchScreen.storyboard; sourceTree = "<group>"; };
		A394A7E620A4BC93006E1F82 /* Info.plist */ = {isa = PBXFileReference; lastKnownFileType = text.plist.xml; path = Info.plist; sourceTree = "<group>"; };
		E9A19E3A20BDF7B800037687 /* asilogo.png */ = {isa = PBXFileReference; lastKnownFileType = image.png; name = asilogo.png; path = ../../../../../../Downloads/asilogo.png; sourceTree = "<group>"; };
		E9A19E4220BDF99E00037687 /* Fitness Classes.png */ = {isa = PBXFileReference; lastKnownFileType = image.png; path = "Fitness Classes.png"; sourceTree = "<group>"; };
		E9A19E4820BDFCE600037687 /* Copy of Check Current Status-2.png */ = {isa = PBXFileReference; lastKnownFileType = image.png; path = "Copy of Check Current Status-2.png"; sourceTree = "<group>"; };
		E9A19E4A20BE16C500037687 /* Copy of Fitness Classes.png */ = {isa = PBXFileReference; lastKnownFileType = image.png; path = "Copy of Fitness Classes.png"; sourceTree = "<group>"; };
		E9A19E4C20BE185E00037687 /* Equipment rentals.png */ = {isa = PBXFileReference; lastKnownFileType = image.png; path = "Equipment rentals.png"; sourceTree = "<group>"; };
		E9A19E4E20BE19E200037687 /* Copy of Fitness Classes-2.png */ = {isa = PBXFileReference; lastKnownFileType = image.png; path = "Copy of Fitness Classes-2.png"; sourceTree = "<group>"; };
		E9A19E5020BE208900037687 /* Aquatics Info.png */ = {isa = PBXFileReference; lastKnownFileType = image.png; path = "Aquatics Info.png"; sourceTree = "<group>"; };
		E9A19E5220BE210700037687 /* Copy of View Equipment Map.png */ = {isa = PBXFileReference; lastKnownFileType = image.png; path = "Copy of View Equipment Map.png"; sourceTree = "<group>"; };
		E9A19E5420BE217100037687 /* Copy of Check Current Status-3.png */ = {isa = PBXFileReference; lastKnownFileType = image.png; path = "Copy of Check Current Status-3.png"; sourceTree = "<group>"; };
		E9A19E5620BE252B00037687 /* MKMapRectRotated.swift */ = {isa = PBXFileReference; fileEncoding = 4; lastKnownFileType = sourcecode.swift; path = MKMapRectRotated.swift; sourceTree = "<group>"; };
		E9A19E5720BE252B00037687 /* FloorplanOverlay.swift */ = {isa = PBXFileReference; fileEncoding = 4; lastKnownFileType = sourcecode.swift; path = FloorplanOverlay.swift; sourceTree = "<group>"; };
		E9A19E5820BE252B00037687 /* CoordinateConverter.swift */ = {isa = PBXFileReference; fileEncoding = 4; lastKnownFileType = sourcecode.swift; path = CoordinateConverter.swift; sourceTree = "<group>"; };
		E9A19E5920BE252B00037687 /* VisibleMapRegionDelegate.swift */ = {isa = PBXFileReference; fileEncoding = 4; lastKnownFileType = sourcecode.swift; path = VisibleMapRegionDelegate.swift; sourceTree = "<group>"; };
		E9A19E5A20BE252B00037687 /* Utilities.swift */ = {isa = PBXFileReference; fileEncoding = 4; lastKnownFileType = sourcecode.swift; path = Utilities.swift; sourceTree = "<group>"; };
		E9A19E5B20BE252B00037687 /* HideBackgroundOverlay.swift */ = {isa = PBXFileReference; fileEncoding = 4; lastKnownFileType = sourcecode.swift; path = HideBackgroundOverlay.swift; sourceTree = "<group>"; };
		E9A19E5C20BE252C00037687 /* FloorplanOverlayRenderer.swift */ = {isa = PBXFileReference; fileEncoding = 4; lastKnownFileType = sourcecode.swift; path = FloorplanOverlayRenderer.swift; sourceTree = "<group>"; };
		E9A19E6620BE2C5900037687 /* Floorplans */ = {isa = PBXFileReference; lastKnownFileType = folder; path = Floorplans; sourceTree = "<group>"; };
		E9E48F3220AD2B5F00717F28 /* EquipmentTableViewController.swift */ = {isa = PBXFileReference; lastKnownFileType = sourcecode.swift; path = EquipmentTableViewController.swift; sourceTree = "<group>"; };
		E9E48F3420AD2C1900717F28 /* EquipmentTableViewCell.swift */ = {isa = PBXFileReference; lastKnownFileType = sourcecode.swift; path = EquipmentTableViewCell.swift; sourceTree = "<group>"; };
/* End PBXFileReference section */

/* Begin PBXFrameworksBuildPhase section */
		A394A7D420A4BC90006E1F82 /* Frameworks */ = {
			isa = PBXFrameworksBuildPhase;
			buildActionMask = 2147483647;
			files = (
			);
			runOnlyForDeploymentPostprocessing = 0;
		};
/* End PBXFrameworksBuildPhase section */

/* Begin PBXGroup section */
		A394A7CE20A4BC90006E1F82 = {
			isa = PBXGroup;
			children = (
				A394A7D920A4BC90006E1F82 /* Cal Poly Rec Center */,
				A394A7D820A4BC90006E1F82 /* Products */,
			);
			sourceTree = "<group>";
		};
		A394A7D820A4BC90006E1F82 /* Products */ = {
			isa = PBXGroup;
			children = (
				A394A7D720A4BC90006E1F82 /* Cal Poly Rec Center.app */,
			);
			name = Products;
			sourceTree = "<group>";
		};
		A394A7D920A4BC90006E1F82 /* Cal Poly Rec Center */ = {
			isa = PBXGroup;
			children = (
				A394A7DA20A4BC90006E1F82 /* AppDelegate.swift */,
				A394A7DC20A4BC90006E1F82 /* ViewController.swift */,
				A394A7DE20A4BC90006E1F82 /* Main.storyboard */,
				E9A19E5820BE252B00037687 /* CoordinateConverter.swift */,
				E9A19E5720BE252B00037687 /* FloorplanOverlay.swift */,
				E9A19E5C20BE252C00037687 /* FloorplanOverlayRenderer.swift */,
				E9A19E5B20BE252B00037687 /* HideBackgroundOverlay.swift */,
				E9A19E5620BE252B00037687 /* MKMapRectRotated.swift */,
				E9A19E5A20BE252B00037687 /* Utilities.swift */,
				E9A19E5920BE252B00037687 /* VisibleMapRegionDelegate.swift */,
				E9E48F3420AD2C1900717F28 /* EquipmentTableViewCell.swift */,
				E9E48F3220AD2B5F00717F28 /* EquipmentTableViewController.swift */,
				E9A19E6620BE2C5900037687 /* Floorplans */,
				A394A7E120A4BC93006E1F82 /* Assets.xcassets */,
				A394A7E320A4BC93006E1F82 /* LaunchScreen.storyboard */,
				A394A7E620A4BC93006E1F82 /* Info.plist */,
				E9A19E3A20BDF7B800037687 /* asilogo.png */,
				E9A19E4820BDFCE600037687 /* Copy of Check Current Status-2.png */,
				E9A19E4E20BE19E200037687 /* Copy of Fitness Classes-2.png */,
				E9A19E4A20BE16C500037687 /* Copy of Fitness Classes.png */,
				E9A19E5020BE208900037687 /* Aquatics Info.png */,
				E9A19E4C20BE185E00037687 /* Equipment rentals.png */,
				E9A19E4220BDF99E00037687 /* Fitness Classes.png */,
				E9A19E5220BE210700037687 /* Copy of View Equipment Map.png */,
				E9A19E5420BE217100037687 /* Copy of Check Current Status-3.png */,
			);
			path = "Cal Poly Rec Center";
			sourceTree = "<group>";
		};
/* End PBXGroup section */

/* Begin PBXNativeTarget section */
		A394A7D620A4BC90006E1F82 /* Cal Poly Rec Center */ = {
			isa = PBXNativeTarget;
			buildConfigurationList = A394A7E920A4BC93006E1F82 /* Build configuration list for PBXNativeTarget "Cal Poly Rec Center" */;
			buildPhases = (
				A394A7D320A4BC90006E1F82 /* Sources */,
				A394A7D420A4BC90006E1F82 /* Frameworks */,
				A394A7D520A4BC90006E1F82 /* Resources */,
			);
			buildRules = (
			);
			dependencies = (
			);
			name = "Cal Poly Rec Center";
			productName = "Cal Poly Rec Center";
			productReference = A394A7D720A4BC90006E1F82 /* Cal Poly Rec Center.app */;
			productType = "com.apple.product-type.application";
		};
/* End PBXNativeTarget section */

/* Begin PBXProject section */
		A394A7CF20A4BC90006E1F82 /* Project object */ = {
			isa = PBXProject;
			attributes = {
				LastSwiftUpdateCheck = 0930;
				LastUpgradeCheck = 0930;
				ORGANIZATIONNAME = "Jason / Kirsten Productions";
				TargetAttributes = {
					A394A7D620A4BC90006E1F82 = {
						CreatedOnToolsVersion = 9.3;
						ProvisioningStyle = Automatic;
					};
				};
			};
			buildConfigurationList = A394A7D220A4BC90006E1F82 /* Build configuration list for PBXProject "Cal Poly Rec Center" */;
			compatibilityVersion = "Xcode 8.0";
			developmentRegion = en;
			hasScannedForEncodings = 0;
			knownRegions = (
				en,
				Base,
			);
			mainGroup = A394A7CE20A4BC90006E1F82;
			productRefGroup = A394A7D820A4BC90006E1F82 /* Products */;
			projectDirPath = "";
			projectRoot = "";
			targets = (
				A394A7D620A4BC90006E1F82 /* Cal Poly Rec Center */,
			);
		};
/* End PBXProject section */

/* Begin PBXResourcesBuildPhase section */
		A394A7D520A4BC90006E1F82 /* Resources */ = {
			isa = PBXResourcesBuildPhase;
			buildActionMask = 2147483647;
			files = (
				E9A19E5520BE217200037687 /* Copy of Check Current Status-3.png in Resources */,
				E9A19E4F20BE19E200037687 /* Copy of Fitness Classes-2.png in Resources */,
				E9A19E4D20BE185F00037687 /* Equipment rentals.png in Resources */,
				E9A19E4320BDF99E00037687 /* Fitness Classes.png in Resources */,
				E9A19E3B20BDF7B800037687 /* asilogo.png in Resources */,
				E9A19E5320BE210800037687 /* Copy of View Equipment Map.png in Resources */,
				A394A7E520A4BC93006E1F82 /* LaunchScreen.storyboard in Resources */,
				E9A19E4920BDFCE700037687 /* Copy of Check Current Status-2.png in Resources */,
				A394A7E220A4BC93006E1F82 /* Assets.xcassets in Resources */,
				A394A7E020A4BC90006E1F82 /* Main.storyboard in Resources */,
				E9A19E4B20BE16C600037687 /* Copy of Fitness Classes.png in Resources */,
				E9A19E6720BE2C5900037687 /* Floorplans in Resources */,
				E9A19E5120BE208900037687 /* Aquatics Info.png in Resources */,
			);
			runOnlyForDeploymentPostprocessing = 0;
		};
/* End PBXResourcesBuildPhase section */

/* Begin PBXSourcesBuildPhase section */
		A394A7D320A4BC90006E1F82 /* Sources */ = {
			isa = PBXSourcesBuildPhase;
			buildActionMask = 2147483647;
			files = (
				E9E48F3320AD2B5F00717F28 /* EquipmentTableViewController.swift in Sources */,
				E9A19E5F20BE252C00037687 /* CoordinateConverter.swift in Sources */,
				A394A7DD20A4BC90006E1F82 /* ViewController.swift in Sources */,
				E9A19E5D20BE252C00037687 /* MKMapRectRotated.swift in Sources */,
				E9A19E6020BE252C00037687 /* VisibleMapRegionDelegate.swift in Sources */,
				E9E48F3520AD2C1900717F28 /* EquipmentTableViewCell.swift in Sources */,
				E9A19E6220BE252C00037687 /* HideBackgroundOverlay.swift in Sources */,
				E9A19E6320BE252C00037687 /* FloorplanOverlayRenderer.swift in Sources */,
				E9A19E6120BE252C00037687 /* Utilities.swift in Sources */,
				E9A19E5E20BE252C00037687 /* FloorplanOverlay.swift in Sources */,
				A394A7DB20A4BC90006E1F82 /* AppDelegate.swift in Sources */,
			);
			runOnlyForDeploymentPostprocessing = 0;
		};
/* End PBXSourcesBuildPhase section */

/* Begin PBXVariantGroup section */
		A394A7DE20A4BC90006E1F82 /* Main.storyboard */ = {
			isa = PBXVariantGroup;
			children = (
				A394A7DF20A4BC90006E1F82 /* Base */,
			);
			name = Main.storyboard;
			sourceTree = "<group>";
		};
		A394A7E320A4BC93006E1F82 /* LaunchScreen.storyboard */ = {
			isa = PBXVariantGroup;
			children = (
				A394A7E420A4BC93006E1F82 /* Base */,
			);
			name = LaunchScreen.storyboard;
			sourceTree = "<group>";
		};
/* End PBXVariantGroup section */

/* Begin XCBuildConfiguration section */
		A394A7E720A4BC93006E1F82 /* Debug */ = {
			isa = XCBuildConfiguration;
			buildSettings = {
				ALWAYS_SEARCH_USER_PATHS = NO;
				CLANG_ANALYZER_NONNULL = YES;
				CLANG_ANALYZER_NUMBER_OBJECT_CONVERSION = YES_AGGRESSIVE;
				CLANG_CXX_LANGUAGE_STANDARD = "gnu++14";
				CLANG_CXX_LIBRARY = "libc++";
				CLANG_ENABLE_MODULES = YES;
				CLANG_ENABLE_OBJC_ARC = YES;
				CLANG_ENABLE_OBJC_WEAK = YES;
				CLANG_WARN_BLOCK_CAPTURE_AUTORELEASING = YES;
				CLANG_WARN_BOOL_CONVERSION = YES;
				CLANG_WARN_COMMA = YES;
				CLANG_WARN_CONSTANT_CONVERSION = YES;
				CLANG_WARN_DEPRECATED_OBJC_IMPLEMENTATIONS = YES;
				CLANG_WARN_DIRECT_OBJC_ISA_USAGE = YES_ERROR;
				CLANG_WARN_DOCUMENTATION_COMMENTS = YES;
				CLANG_WARN_EMPTY_BODY = YES;
				CLANG_WARN_ENUM_CONVERSION = YES;
				CLANG_WARN_INFINITE_RECURSION = YES;
				CLANG_WARN_INT_CONVERSION = YES;
				CLANG_WARN_NON_LITERAL_NULL_CONVERSION = YES;
				CLANG_WARN_OBJC_IMPLICIT_RETAIN_SELF = YES;
				CLANG_WARN_OBJC_LITERAL_CONVERSION = YES;
				CLANG_WARN_OBJC_ROOT_CLASS = YES_ERROR;
				CLANG_WARN_RANGE_LOOP_ANALYSIS = YES;
				CLANG_WARN_STRICT_PROTOTYPES = YES;
				CLANG_WARN_SUSPICIOUS_MOVE = YES;
				CLANG_WARN_UNGUARDED_AVAILABILITY = YES_AGGRESSIVE;
				CLANG_WARN_UNREACHABLE_CODE = YES;
				CLANG_WARN__DUPLICATE_METHOD_MATCH = YES;
				CODE_SIGN_IDENTITY = "iPhone Developer";
				COPY_PHASE_STRIP = NO;
				DEBUG_INFORMATION_FORMAT = dwarf;
				ENABLE_STRICT_OBJC_MSGSEND = YES;
				ENABLE_TESTABILITY = YES;
				GCC_C_LANGUAGE_STANDARD = gnu11;
				GCC_DYNAMIC_NO_PIC = NO;
				GCC_NO_COMMON_BLOCKS = YES;
				GCC_OPTIMIZATION_LEVEL = 0;
				GCC_PREPROCESSOR_DEFINITIONS = (
					"DEBUG=1",
					"$(inherited)",
				);
				GCC_WARN_64_TO_32_BIT_CONVERSION = YES;
				GCC_WARN_ABOUT_RETURN_TYPE = YES_ERROR;
				GCC_WARN_UNDECLARED_SELECTOR = YES;
				GCC_WARN_UNINITIALIZED_AUTOS = YES_AGGRESSIVE;
				GCC_WARN_UNUSED_FUNCTION = YES;
				GCC_WARN_UNUSED_VARIABLE = YES;
				IPHONEOS_DEPLOYMENT_TARGET = 11.3;
				MTL_ENABLE_DEBUG_INFO = YES;
				ONLY_ACTIVE_ARCH = YES;
				SDKROOT = iphoneos;
				SWIFT_ACTIVE_COMPILATION_CONDITIONS = DEBUG;
				SWIFT_OPTIMIZATION_LEVEL = "-Onone";
			};
			name = Debug;
		};
		A394A7E820A4BC93006E1F82 /* Release */ = {
			isa = XCBuildConfiguration;
			buildSettings = {
				ALWAYS_SEARCH_USER_PATHS = NO;
				CLANG_ANALYZER_NONNULL = YES;
				CLANG_ANALYZER_NUMBER_OBJECT_CONVERSION = YES_AGGRESSIVE;
				CLANG_CXX_LANGUAGE_STANDARD = "gnu++14";
				CLANG_CXX_LIBRARY = "libc++";
				CLANG_ENABLE_MODULES = YES;
				CLANG_ENABLE_OBJC_ARC = YES;
				CLANG_ENABLE_OBJC_WEAK = YES;
				CLANG_WARN_BLOCK_CAPTURE_AUTORELEASING = YES;
				CLANG_WARN_BOOL_CONVERSION = YES;
				CLANG_WARN_COMMA = YES;
				CLANG_WARN_CONSTANT_CONVERSION = YES;
				CLANG_WARN_DEPRECATED_OBJC_IMPLEMENTATIONS = YES;
				CLANG_WARN_DIRECT_OBJC_ISA_USAGE = YES_ERROR;
				CLANG_WARN_DOCUMENTATION_COMMENTS = YES;
				CLANG_WARN_EMPTY_BODY = YES;
				CLANG_WARN_ENUM_CONVERSION = YES;
				CLANG_WARN_INFINITE_RECURSION = YES;
				CLANG_WARN_INT_CONVERSION = YES;
				CLANG_WARN_NON_LITERAL_NULL_CONVERSION = YES;
				CLANG_WARN_OBJC_IMPLICIT_RETAIN_SELF = YES;
				CLANG_WARN_OBJC_LITERAL_CONVERSION = YES;
				CLANG_WARN_OBJC_ROOT_CLASS = YES_ERROR;
				CLANG_WARN_RANGE_LOOP_ANALYSIS = YES;
				CLANG_WARN_STRICT_PROTOTYPES = YES;
				CLANG_WARN_SUSPICIOUS_MOVE = YES;
				CLANG_WARN_UNGUARDED_AVAILABILITY = YES_AGGRESSIVE;
				CLANG_WARN_UNREACHABLE_CODE = YES;
				CLANG_WARN__DUPLICATE_METHOD_MATCH = YES;
				CODE_SIGN_IDENTITY = "iPhone Developer";
				COPY_PHASE_STRIP = NO;
				DEBUG_INFORMATION_FORMAT = "dwarf-with-dsym";
				ENABLE_NS_ASSERTIONS = NO;
				ENABLE_STRICT_OBJC_MSGSEND = YES;
				GCC_C_LANGUAGE_STANDARD = gnu11;
				GCC_NO_COMMON_BLOCKS = YES;
				GCC_WARN_64_TO_32_BIT_CONVERSION = YES;
				GCC_WARN_ABOUT_RETURN_TYPE = YES_ERROR;
				GCC_WARN_UNDECLARED_SELECTOR = YES;
				GCC_WARN_UNINITIALIZED_AUTOS = YES_AGGRESSIVE;
				GCC_WARN_UNUSED_FUNCTION = YES;
				GCC_WARN_UNUSED_VARIABLE = YES;
				IPHONEOS_DEPLOYMENT_TARGET = 11.3;
				MTL_ENABLE_DEBUG_INFO = NO;
				SDKROOT = iphoneos;
				SWIFT_OPTIMIZATION_LEVEL = "-Owholemodule";
				VALIDATE_PRODUCT = YES;
			};
			name = Release;
		};
		A394A7EA20A4BC93006E1F82 /* Debug */ = {
			isa = XCBuildConfiguration;
			buildSettings = {
				ASSETCATALOG_COMPILER_APPICON_NAME = AppIcon;
				CODE_SIGN_STYLE = Automatic;
				DEVELOPMENT_TEAM = 9D6Z6CV3WX;
				INFOPLIST_FILE = "Cal Poly Rec Center/Info.plist";
				LD_RUNPATH_SEARCH_PATHS = "$(inherited) @executable_path/Frameworks";
				PRODUCT_BUNDLE_IDENTIFIER = "csc436.Cal-Poly-Rec-Center";
				PRODUCT_NAME = "$(TARGET_NAME)";
				SWIFT_VERSION = 4.0;
				TARGETED_DEVICE_FAMILY = "1,2";
			};
			name = Debug;
		};
		A394A7EB20A4BC93006E1F82 /* Release */ = {
			isa = XCBuildConfiguration;
			buildSettings = {
				ASSETCATALOG_COMPILER_APPICON_NAME = AppIcon;
				CODE_SIGN_STYLE = Automatic;
				DEVELOPMENT_TEAM = 9D6Z6CV3WX;
				INFOPLIST_FILE = "Cal Poly Rec Center/Info.plist";
				LD_RUNPATH_SEARCH_PATHS = "$(inherited) @executable_path/Frameworks";
				PRODUCT_BUNDLE_IDENTIFIER = "csc436.Cal-Poly-Rec-Center";
				PRODUCT_NAME = "$(TARGET_NAME)";
				SWIFT_VERSION = 4.0;
				TARGETED_DEVICE_FAMILY = "1,2";
			};
			name = Release;
		};
/* End XCBuildConfiguration section */

/* Begin XCConfigurationList section */
		A394A7D220A4BC90006E1F82 /* Build configuration list for PBXProject "Cal Poly Rec Center" */ = {
			isa = XCConfigurationList;
			buildConfigurations = (
				A394A7E720A4BC93006E1F82 /* Debug */,
				A394A7E820A4BC93006E1F82 /* Release */,
			);
			defaultConfigurationIsVisible = 0;
			defaultConfigurationName = Release;
		};
		A394A7E920A4BC93006E1F82 /* Build configuration list for PBXNativeTarget "Cal Poly Rec Center" */ = {
			isa = XCConfigurationList;
			buildConfigurations = (
				A394A7EA20A4BC93006E1F82 /* Debug */,
				A394A7EB20A4BC93006E1F82 /* Release */,
			);
			defaultConfigurationIsVisible = 0;
			defaultConfigurationName = Release;
		};
/* End XCConfigurationList section */
	};
	rootObject = A394A7CF20A4BC90006E1F82 /* Project object */;
}
